
Microsoft Visual Studio Solution File, Format Version 12.00
# Visual Studio 14
VisualStudioVersion = 14.0.25420.1
MinimumVisualStudioVersion = 10.0.40219.1
Project("{FAE04EC0-301F-11D3-BF4B-00C04F79EFBC}") = "21Magic", "21Magic\21Magic.csproj", "{B6041635-D0AE-421D-A7E2-53014DB858A9}"
EndProject
Global
	GlobalSection(SolutionConfigurationPlatforms) = preSolution
		Debug|Any CPU = Debug|Any CPU
		Release|Any CPU = Release|Any CPU
	EndGlobalSection
	GlobalSection(ProjectConfigurationPlatforms) = postSolution
		{B6041635-D0AE-421D-A7E2-53014DB858A9}.Debug|Any CPU.ActiveCfg = Debug|Any CPU
		{B6041635-D0AE-421D-A7E2-53014DB858A9}.Debug|Any CPU.Build.0 = Debug|Any CPU
		{B6041635-D0AE-421D-A7E2-53014DB858A9}.Release|Any CPU.ActiveCfg = Release|Any CPU
		{B6041635-D0AE-421D-A7E2-53014DB858A9}.Release|Any CPU.Build.0 = Release|Any CPU
	EndGlobalSection
	GlobalSection(SolutionProperties) = preSolution
		HideSolutionNode = FALSE
	EndGlobalSection
	GlobalSection(ExtensibilityGlobals) = postSolution
		VisualSVNWorkingCopyRoot = .
	EndGlobalSection
EndGlobal
